// !$*UTF8*$!
{
	archiveVersion = 1;
	classes = {
	};
	objectVersion = 46;
	objects = {

/* Begin PBXBuildFile section */
		0A8F0197FB7C5A43409AAFD7 /* Pods_Saturdays.framework in Frameworks */ = {isa = PBXBuildFile; fileRef = 238E30299D6622745C3493F4 /* Pods_Saturdays.framework */; };
		B20A8F491EEF3133003E4DA7 /* CGRectExtensions.swift in Sources */ = {isa = PBXBuildFile; fileRef = B20A8F481EEF3133003E4DA7 /* CGRectExtensions.swift */; };
		B20A8F4B1EEF402C003E4DA7 /* ImageDefines.swift in Sources */ = {isa = PBXBuildFile; fileRef = B20A8F4A1EEF402C003E4DA7 /* ImageDefines.swift */; };
		B20A8F511EEF4B57003E4DA7 /* TrackViewModel.swift in Sources */ = {isa = PBXBuildFile; fileRef = B20A8F501EEF4B57003E4DA7 /* TrackViewModel.swift */; };
		B20A8F531EEF4B5F003E4DA7 /* PostViewModel.swift in Sources */ = {isa = PBXBuildFile; fileRef = B20A8F521EEF4B5F003E4DA7 /* PostViewModel.swift */; };
		B20A8F551EEF4B73003E4DA7 /* VenueViewModel.swift in Sources */ = {isa = PBXBuildFile; fileRef = B20A8F541EEF4B73003E4DA7 /* VenueViewModel.swift */; };
		B212B4461EE1E74C001DD091 /* NotificationService.swift in Sources */ = {isa = PBXBuildFile; fileRef = B212B4451EE1E74C001DD091 /* NotificationService.swift */; };
		B212B4481EE1EA02001DD091 /* RoutingService.swift in Sources */ = {isa = PBXBuildFile; fileRef = B212B4471EE1EA02001DD091 /* RoutingService.swift */; };
		B212B44A1EE20A85001DD091 /* IssueListPresenter.swift in Sources */ = {isa = PBXBuildFile; fileRef = B212B4491EE20A85001DD091 /* IssueListPresenter.swift */; };
		B212B44C1EE20A8F001DD091 /* IssueListView.swift in Sources */ = {isa = PBXBuildFile; fileRef = B212B44B1EE20A8F001DD091 /* IssueListView.swift */; };
		B212B44E1EE20A9B001DD091 /* IssueViewModel.swift in Sources */ = {isa = PBXBuildFile; fileRef = B212B44D1EE20A9B001DD091 /* IssueViewModel.swift */; };
		B212B4531EE21329001DD091 /* UIHelper.swift in Sources */ = {isa = PBXBuildFile; fileRef = B212B4521EE21329001DD091 /* UIHelper.swift */; };
		B212B4551EE2230B001DD091 /* IssueListCell.swift in Sources */ = {isa = PBXBuildFile; fileRef = B212B4541EE2230B001DD091 /* IssueListCell.swift */; };
		B212B4571EE223AC001DD091 /* IssueListViewDataSource.swift in Sources */ = {isa = PBXBuildFile; fileRef = B212B4561EE223AC001DD091 /* IssueListViewDataSource.swift */; };
		B212B4591EE2CF71001DD091 /* ViewModelProtocol.swift in Sources */ = {isa = PBXBuildFile; fileRef = B212B4581EE2CF71001DD091 /* ViewModelProtocol.swift */; };
		B21BC8471EE9FB3700106042 /* CoverPhoto.swift in Sources */ = {isa = PBXBuildFile; fileRef = B21BC8461EE9FB3700106042 /* CoverPhoto.swift */; };
		B224B75F1EF57D01004575E5 /* NotificationAction.swift in Sources */ = {isa = PBXBuildFile; fileRef = B224B75E1EF57D01004575E5 /* NotificationAction.swift */; };
		B224B79E1EF5A4BB004575E5 /* IssueDetailsOpeningConfiguration.swift in Sources */ = {isa = PBXBuildFile; fileRef = B224B79D1EF5A4BB004575E5 /* IssueDetailsOpeningConfiguration.swift */; };
		B232CEAB1EF5FD080097928B /* demo.json in Resources */ = {isa = PBXBuildFile; fileRef = B232CEAA1EF5FD080097928B /* demo.json */; };
		B2356F471EF4A08400AF59D0 /* NotificationService.swift in Sources */ = {isa = PBXBuildFile; fileRef = B2356F461EF4A08400AF59D0 /* NotificationService.swift */; };
		B2356F4B1EF4A08400AF59D0 /* SaturdaysNotificationService.appex in Embed App Extensions */ = {isa = PBXBuildFile; fileRef = B2356F441EF4A08400AF59D0 /* SaturdaysNotificationService.appex */; settings = {ATTRIBUTES = (RemoveHeadersOnCopy, ); }; };
		B2356F561EF4A28400AF59D0 /* UserNotifications.framework in Frameworks */ = {isa = PBXBuildFile; fileRef = B2356F551EF4A28400AF59D0 /* UserNotifications.framework */; };
		B2356F581EF4A28400AF59D0 /* UserNotificationsUI.framework in Frameworks */ = {isa = PBXBuildFile; fileRef = B2356F571EF4A28400AF59D0 /* UserNotificationsUI.framework */; };
		B2356F5B1EF4A28400AF59D0 /* NotificationViewController.swift in Sources */ = {isa = PBXBuildFile; fileRef = B2356F5A1EF4A28400AF59D0 /* NotificationViewController.swift */; };
		B2356F5E1EF4A28400AF59D0 /* MainInterface.storyboard in Resources */ = {isa = PBXBuildFile; fileRef = B2356F5C1EF4A28400AF59D0 /* MainInterface.storyboard */; };
		B2356F621EF4A28400AF59D0 /* SaturdaysNotificationContent.appex in Embed App Extensions */ = {isa = PBXBuildFile; fileRef = B2356F541EF4A28400AF59D0 /* SaturdaysNotificationContent.appex */; settings = {ATTRIBUTES = (RemoveHeadersOnCopy, ); }; };
		B23940761E6AFB8000E07AF2 /* ImageDownloadableModel.swift in Sources */ = {isa = PBXBuildFile; fileRef = B23940751E6AFB8000E07AF2 /* ImageDownloadableModel.swift */; };
		B24826491E4F8DA50070628D /* AppDelegate.swift in Sources */ = {isa = PBXBuildFile; fileRef = B24826481E4F8DA50070628D /* AppDelegate.swift */; };
		B24826501E4F8DA50070628D /* Assets.xcassets in Resources */ = {isa = PBXBuildFile; fileRef = B248264F1E4F8DA50070628D /* Assets.xcassets */; };
		B24826531E4F8DA50070628D /* LaunchScreen.storyboard in Resources */ = {isa = PBXBuildFile; fileRef = B24826511E4F8DA50070628D /* LaunchScreen.storyboard */; };
		B24826681E4F90E90070628D /* IssueService.swift in Sources */ = {isa = PBXBuildFile; fileRef = B24826671E4F90E90070628D /* IssueService.swift */; };
		B248266F1E4F91B70070628D /* Issue.swift in Sources */ = {isa = PBXBuildFile; fileRef = B248266A1E4F91B70070628D /* Issue.swift */; };
		B24826701E4F91B70070628D /* Photo.swift in Sources */ = {isa = PBXBuildFile; fileRef = B248266B1E4F91B70070628D /* Photo.swift */; };
		B24826711E4F91B70070628D /* Post.swift in Sources */ = {isa = PBXBuildFile; fileRef = B248266C1E4F91B70070628D /* Post.swift */; };
		B24826721E4F91B70070628D /* Track.swift in Sources */ = {isa = PBXBuildFile; fileRef = B248266D1E4F91B70070628D /* Track.swift */; };
		B24826731E4F91B70070628D /* Venue.swift in Sources */ = {isa = PBXBuildFile; fileRef = B248266E1E4F91B70070628D /* Venue.swift */; };
		B24826761E4F98AE0070628D /* DateExtensions.swift in Sources */ = {isa = PBXBuildFile; fileRef = B24826751E4F98AE0070628D /* DateExtensions.swift */; };
		B248267D1E4F9DA70070628D /* UICollectionViewExtensions.swift in Sources */ = {isa = PBXBuildFile; fileRef = B248267C1E4F9DA70070628D /* UICollectionViewExtensions.swift */; };
		B248267F1E4F9DC20070628D /* NSObjectExtensions.swift in Sources */ = {isa = PBXBuildFile; fileRef = B248267E1E4F9DC20070628D /* NSObjectExtensions.swift */; };
		B2645EB11EE4BD9F0074FCD0 /* IssueDetailsView.swift in Sources */ = {isa = PBXBuildFile; fileRef = B2645EB01EE4BD9F0074FCD0 /* IssueDetailsView.swift */; };
		B2645EB31EE4C0410074FCD0 /* IssueDetailsPresenter.swift in Sources */ = {isa = PBXBuildFile; fileRef = B2645EB21EE4C0410074FCD0 /* IssueDetailsPresenter.swift */; };
		B2645EB61EE4CD500074FCD0 /* IssueDetailsAnimator.swift in Sources */ = {isa = PBXBuildFile; fileRef = B2645EB51EE4CD500074FCD0 /* IssueDetailsAnimator.swift */; };
		B264932F1E81F51D00878824 /* UIButtonExtensions.swift in Sources */ = {isa = PBXBuildFile; fileRef = B264932E1E81F51D00878824 /* UIButtonExtensions.swift */; };
		B27191CA1EF5F62D002C402D /* GoogleService-Info.plist in Resources */ = {isa = PBXBuildFile; fileRef = B27191C91EF5F62D002C402D /* GoogleService-Info.plist */; };
		B27191CC1EF5F63E002C402D /* APICredentials.plist in Resources */ = {isa = PBXBuildFile; fileRef = B27191CB1EF5F63E002C402D /* APICredentials.plist */; };
		B279C1DB1EFB2C4900E72D5A /* CredentialsHelper.swift in Sources */ = {isa = PBXBuildFile; fileRef = B279C1DA1EFB2C4900E72D5A /* CredentialsHelper.swift */; };
		B279C1DD1EFB305A00E72D5A /* DataRetrivalError.swift in Sources */ = {isa = PBXBuildFile; fileRef = B279C1DC1EFB305A00E72D5A /* DataRetrivalError.swift */; };
		B279C1DF1EFB311700E72D5A /* DataRetrivalArrayResult.swift in Sources */ = {isa = PBXBuildFile; fileRef = B279C1DE1EFB311700E72D5A /* DataRetrivalArrayResult.swift */; };
		B279C1E31EFB4AD100E72D5A /* ServiceEndpoint.swift in Sources */ = {isa = PBXBuildFile; fileRef = B279C1E21EFB4AD100E72D5A /* ServiceEndpoint.swift */; };
		B28979F61EE36FC6005834E3 /* ImageDownloadingService.swift in Sources */ = {isa = PBXBuildFile; fileRef = B28979F51EE36FC6005834E3 /* ImageDownloadingService.swift */; };
		B29165351E526B390045BA4F /* UITableViewExtensions.swift in Sources */ = {isa = PBXBuildFile; fileRef = B29165341E526B390045BA4F /* UITableViewExtensions.swift */; };
		B2CD11EF1EF2DA6D00518C0E /* IssueDetailsPostCell.swift in Sources */ = {isa = PBXBuildFile; fileRef = B2CD11EE1EF2DA6D00518C0E /* IssueDetailsPostCell.swift */; };
		B2CD11F11EF2DA7F00518C0E /* IssueDetailsPostsDataSource.swift in Sources */ = {isa = PBXBuildFile; fileRef = B2CD11F01EF2DA7F00518C0E /* IssueDetailsPostsDataSource.swift */; };
		B2DCFED31EF088F4008B64C4 /* IssueDetailsTracksDataSource.swift in Sources */ = {isa = PBXBuildFile; fileRef = B2DCFED21EF088F4008B64C4 /* IssueDetailsTracksDataSource.swift */; };
		B2DCFEDB1EF0A69D008B64C4 /* IssueDetailsTitleCell.swift in Sources */ = {isa = PBXBuildFile; fileRef = B2DCFEDA1EF0A69D008B64C4 /* IssueDetailsTitleCell.swift */; };
		B2DCFEDD1EF0AA1A008B64C4 /* IssueDetailsDataSource.swift in Sources */ = {isa = PBXBuildFile; fileRef = B2DCFEDC1EF0AA1A008B64C4 /* IssueDetailsDataSource.swift */; };
		B2DCFEE31EF0B53F008B64C4 /* IssueDetailsImageCell.swift in Sources */ = {isa = PBXBuildFile; fileRef = B2DCFEE21EF0B53F008B64C4 /* IssueDetailsImageCell.swift */; };
		B2DCFEE51EF0BF12008B64C4 /* IssueDetailsTitleDataSource.swift in Sources */ = {isa = PBXBuildFile; fileRef = B2DCFEE41EF0BF12008B64C4 /* IssueDetailsTitleDataSource.swift */; };
		B2DEC2301E68EEC100FFFD7D /* TableHeaderView.swift in Sources */ = {isa = PBXBuildFile; fileRef = B2DEC22F1E68EEC100FFFD7D /* TableHeaderView.swift */; };
		B2DEC2331E68EFE500FFFD7D /* IssueItemType.swift in Sources */ = {isa = PBXBuildFile; fileRef = B2DEC2321E68EFE500FFFD7D /* IssueItemType.swift */; };
		B2DEC2371E68F20400FFFD7D /* ExternallyOpenable.swift in Sources */ = {isa = PBXBuildFile; fileRef = B2DEC2361E68F20400FFFD7D /* ExternallyOpenable.swift */; };
		B2FD04A91EF1C26A004ED046 /* IssueDetailsImageDataSource.swift in Sources */ = {isa = PBXBuildFile; fileRef = B2FD04A81EF1C26A004ED046 /* IssueDetailsImageDataSource.swift */; };
		B2FD04AD1EF1F568004ED046 /* IssueDetailsVenuesDataSource.swift in Sources */ = {isa = PBXBuildFile; fileRef = B2FD04AC1EF1F568004ED046 /* IssueDetailsVenuesDataSource.swift */; };
		B2FD04B01EF1F6EB004ED046 /* IssueDetailsTitleSubtitleArtworkCell.swift in Sources */ = {isa = PBXBuildFile; fileRef = B2FD04AF1EF1F6EB004ED046 /* IssueDetailsTitleSubtitleArtworkCell.swift */; };
		B2FD04B41EF1FA3B004ED046 /* UILabelDescriptor.swift in Sources */ = {isa = PBXBuildFile; fileRef = B2FD04B31EF1FA3B004ED046 /* UILabelDescriptor.swift */; };
		B2FD04B61EF1FD81004ED046 /* UIDefines.swift in Sources */ = {isa = PBXBuildFile; fileRef = B2FD04B51EF1FD81004ED046 /* UIDefines.swift */; };
/* End PBXBuildFile section */

/* Begin PBXContainerItemProxy section */
		B2356F491EF4A08400AF59D0 /* PBXContainerItemProxy */ = {
			isa = PBXContainerItemProxy;
			containerPortal = B248263D1E4F8DA50070628D /* Project object */;
			proxyType = 1;
			remoteGlobalIDString = B2356F431EF4A08400AF59D0;
			remoteInfo = SaturdaysNotificationService;
		};
		B2356F601EF4A28400AF59D0 /* PBXContainerItemProxy */ = {
			isa = PBXContainerItemProxy;
			containerPortal = B248263D1E4F8DA50070628D /* Project object */;
			proxyType = 1;
			remoteGlobalIDString = B2356F531EF4A28400AF59D0;
			remoteInfo = SaturdaysNotificationContent;
		};
/* End PBXContainerItemProxy section */

/* Begin PBXCopyFilesBuildPhase section */
		B2356F4F1EF4A08400AF59D0 /* Embed App Extensions */ = {
			isa = PBXCopyFilesBuildPhase;
			buildActionMask = 2147483647;
			dstPath = "";
			dstSubfolderSpec = 13;
			files = (
				B2356F621EF4A28400AF59D0 /* SaturdaysNotificationContent.appex in Embed App Extensions */,
				B2356F4B1EF4A08400AF59D0 /* SaturdaysNotificationService.appex in Embed App Extensions */,
			);
			name = "Embed App Extensions";
			runOnlyForDeploymentPostprocessing = 0;
		};
		B2F0767F1E679A7300EDFF32 /* Embed Frameworks */ = {
			isa = PBXCopyFilesBuildPhase;
			buildActionMask = 2147483647;
			dstPath = "";
			dstSubfolderSpec = 10;
			files = (
			);
			name = "Embed Frameworks";
			runOnlyForDeploymentPostprocessing = 0;
		};
/* End PBXCopyFilesBuildPhase section */

/* Begin PBXFileReference section */
		238E30299D6622745C3493F4 /* Pods_Saturdays.framework */ = {isa = PBXFileReference; explicitFileType = wrapper.framework; includeInIndex = 0; path = Pods_Saturdays.framework; sourceTree = BUILT_PRODUCTS_DIR; };
		5B72490E8F48CB8DD85CFFDE /* Pods-Saturdays.release.xcconfig */ = {isa = PBXFileReference; includeInIndex = 1; lastKnownFileType = text.xcconfig; name = "Pods-Saturdays.release.xcconfig"; path = "Pods/Target Support Files/Pods-Saturdays/Pods-Saturdays.release.xcconfig"; sourceTree = "<group>"; };
		B20A8F481EEF3133003E4DA7 /* CGRectExtensions.swift */ = {isa = PBXFileReference; lastKnownFileType = sourcecode.swift; path = CGRectExtensions.swift; sourceTree = "<group>"; };
		B20A8F4A1EEF402C003E4DA7 /* ImageDefines.swift */ = {isa = PBXFileReference; lastKnownFileType = sourcecode.swift; name = ImageDefines.swift; path = Helpers/ImageDefines.swift; sourceTree = "<group>"; };
		B20A8F501EEF4B57003E4DA7 /* TrackViewModel.swift */ = {isa = PBXFileReference; lastKnownFileType = sourcecode.swift; path = TrackViewModel.swift; sourceTree = "<group>"; };
		B20A8F521EEF4B5F003E4DA7 /* PostViewModel.swift */ = {isa = PBXFileReference; lastKnownFileType = sourcecode.swift; path = PostViewModel.swift; sourceTree = "<group>"; };
		B20A8F541EEF4B73003E4DA7 /* VenueViewModel.swift */ = {isa = PBXFileReference; lastKnownFileType = sourcecode.swift; path = VenueViewModel.swift; sourceTree = "<group>"; };
		B212B4451EE1E74C001DD091 /* NotificationService.swift */ = {isa = PBXFileReference; fileEncoding = 4; lastKnownFileType = sourcecode.swift; path = NotificationService.swift; sourceTree = "<group>"; };
		B212B4471EE1EA02001DD091 /* RoutingService.swift */ = {isa = PBXFileReference; fileEncoding = 4; lastKnownFileType = sourcecode.swift; path = RoutingService.swift; sourceTree = "<group>"; };
		B212B4491EE20A85001DD091 /* IssueListPresenter.swift */ = {isa = PBXFileReference; fileEncoding = 4; lastKnownFileType = sourcecode.swift; path = IssueListPresenter.swift; sourceTree = "<group>"; };
		B212B44B1EE20A8F001DD091 /* IssueListView.swift */ = {isa = PBXFileReference; fileEncoding = 4; lastKnownFileType = sourcecode.swift; path = IssueListView.swift; sourceTree = "<group>"; };
		B212B44D1EE20A9B001DD091 /* IssueViewModel.swift */ = {isa = PBXFileReference; fileEncoding = 4; lastKnownFileType = sourcecode.swift; path = IssueViewModel.swift; sourceTree = "<group>"; };
		B212B4521EE21329001DD091 /* UIHelper.swift */ = {isa = PBXFileReference; fileEncoding = 4; lastKnownFileType = sourcecode.swift; name = UIHelper.swift; path = Helpers/UIHelper.swift; sourceTree = "<group>"; };
		B212B4541EE2230B001DD091 /* IssueListCell.swift */ = {isa = PBXFileReference; fileEncoding = 4; lastKnownFileType = sourcecode.swift; path = IssueListCell.swift; sourceTree = "<group>"; };
		B212B4561EE223AC001DD091 /* IssueListViewDataSource.swift */ = {isa = PBXFileReference; fileEncoding = 4; lastKnownFileType = sourcecode.swift; path = IssueListViewDataSource.swift; sourceTree = "<group>"; };
		B212B4581EE2CF71001DD091 /* ViewModelProtocol.swift */ = {isa = PBXFileReference; fileEncoding = 4; lastKnownFileType = sourcecode.swift; path = ViewModelProtocol.swift; sourceTree = "<group>"; };
		B21BC8461EE9FB3700106042 /* CoverPhoto.swift */ = {isa = PBXFileReference; lastKnownFileType = sourcecode.swift; path = CoverPhoto.swift; sourceTree = "<group>"; };
		B224B75E1EF57D01004575E5 /* NotificationAction.swift */ = {isa = PBXFileReference; lastKnownFileType = sourcecode.swift; name = NotificationAction.swift; path = Helpers/NotificationAction.swift; sourceTree = "<group>"; };
		B224B79D1EF5A4BB004575E5 /* IssueDetailsOpeningConfiguration.swift */ = {isa = PBXFileReference; lastKnownFileType = sourcecode.swift; path = IssueDetailsOpeningConfiguration.swift; sourceTree = "<group>"; };
		B232CEAA1EF5FD080097928B /* demo.json */ = {isa = PBXFileReference; lastKnownFileType = text.json; path = demo.json; sourceTree = "<group>"; };
		B2356F441EF4A08400AF59D0 /* SaturdaysNotificationService.appex */ = {isa = PBXFileReference; explicitFileType = "wrapper.app-extension"; includeInIndex = 0; path = SaturdaysNotificationService.appex; sourceTree = BUILT_PRODUCTS_DIR; };
		B2356F461EF4A08400AF59D0 /* NotificationService.swift */ = {isa = PBXFileReference; lastKnownFileType = sourcecode.swift; path = NotificationService.swift; sourceTree = "<group>"; };
		B2356F481EF4A08400AF59D0 /* Info.plist */ = {isa = PBXFileReference; lastKnownFileType = text.plist.xml; path = Info.plist; sourceTree = "<group>"; };
		B2356F541EF4A28400AF59D0 /* SaturdaysNotificationContent.appex */ = {isa = PBXFileReference; explicitFileType = "wrapper.app-extension"; includeInIndex = 0; path = SaturdaysNotificationContent.appex; sourceTree = BUILT_PRODUCTS_DIR; };
		B2356F551EF4A28400AF59D0 /* UserNotifications.framework */ = {isa = PBXFileReference; lastKnownFileType = wrapper.framework; name = UserNotifications.framework; path = System/Library/Frameworks/UserNotifications.framework; sourceTree = SDKROOT; };
		B2356F571EF4A28400AF59D0 /* UserNotificationsUI.framework */ = {isa = PBXFileReference; lastKnownFileType = wrapper.framework; name = UserNotificationsUI.framework; path = System/Library/Frameworks/UserNotificationsUI.framework; sourceTree = SDKROOT; };
		B2356F5A1EF4A28400AF59D0 /* NotificationViewController.swift */ = {isa = PBXFileReference; lastKnownFileType = sourcecode.swift; path = NotificationViewController.swift; sourceTree = "<group>"; };
		B2356F5D1EF4A28400AF59D0 /* Base */ = {isa = PBXFileReference; lastKnownFileType = file.storyboard; name = Base; path = Base.lproj/MainInterface.storyboard; sourceTree = "<group>"; };
		B2356F5F1EF4A28400AF59D0 /* Info.plist */ = {isa = PBXFileReference; lastKnownFileType = text.plist.xml; path = Info.plist; sourceTree = "<group>"; };
		B23940751E6AFB8000E07AF2 /* ImageDownloadableModel.swift */ = {isa = PBXFileReference; fileEncoding = 4; lastKnownFileType = sourcecode.swift; path = ImageDownloadableModel.swift; sourceTree = "<group>"; };
		B24826451E4F8DA50070628D /* Saturdays.app */ = {isa = PBXFileReference; explicitFileType = wrapper.application; includeInIndex = 0; path = Saturdays.app; sourceTree = BUILT_PRODUCTS_DIR; };
		B24826481E4F8DA50070628D /* AppDelegate.swift */ = {isa = PBXFileReference; lastKnownFileType = sourcecode.swift; path = AppDelegate.swift; sourceTree = "<group>"; };
		B248264F1E4F8DA50070628D /* Assets.xcassets */ = {isa = PBXFileReference; lastKnownFileType = folder.assetcatalog; path = Assets.xcassets; sourceTree = "<group>"; };
		B24826521E4F8DA50070628D /* Base */ = {isa = PBXFileReference; lastKnownFileType = file.storyboard; name = Base; path = Base.lproj/LaunchScreen.storyboard; sourceTree = "<group>"; };
		B24826541E4F8DA50070628D /* Info.plist */ = {isa = PBXFileReference; lastKnownFileType = text.plist.xml; path = Info.plist; sourceTree = "<group>"; };
		B24826671E4F90E90070628D /* IssueService.swift */ = {isa = PBXFileReference; fileEncoding = 4; lastKnownFileType = sourcecode.swift; path = IssueService.swift; sourceTree = "<group>"; };
		B248266A1E4F91B70070628D /* Issue.swift */ = {isa = PBXFileReference; fileEncoding = 4; lastKnownFileType = sourcecode.swift; path = Issue.swift; sourceTree = "<group>"; };
		B248266B1E4F91B70070628D /* Photo.swift */ = {isa = PBXFileReference; fileEncoding = 4; lastKnownFileType = sourcecode.swift; path = Photo.swift; sourceTree = "<group>"; };
		B248266C1E4F91B70070628D /* Post.swift */ = {isa = PBXFileReference; fileEncoding = 4; lastKnownFileType = sourcecode.swift; path = Post.swift; sourceTree = "<group>"; };
		B248266D1E4F91B70070628D /* Track.swift */ = {isa = PBXFileReference; fileEncoding = 4; lastKnownFileType = sourcecode.swift; path = Track.swift; sourceTree = "<group>"; };
		B248266E1E4F91B70070628D /* Venue.swift */ = {isa = PBXFileReference; fileEncoding = 4; lastKnownFileType = sourcecode.swift; path = Venue.swift; sourceTree = "<group>"; };
		B24826751E4F98AE0070628D /* DateExtensions.swift */ = {isa = PBXFileReference; fileEncoding = 4; lastKnownFileType = sourcecode.swift; path = DateExtensions.swift; sourceTree = "<group>"; };
		B248267C1E4F9DA70070628D /* UICollectionViewExtensions.swift */ = {isa = PBXFileReference; fileEncoding = 4; lastKnownFileType = sourcecode.swift; path = UICollectionViewExtensions.swift; sourceTree = "<group>"; };
		B248267E1E4F9DC20070628D /* NSObjectExtensions.swift */ = {isa = PBXFileReference; fileEncoding = 4; lastKnownFileType = sourcecode.swift; path = NSObjectExtensions.swift; sourceTree = "<group>"; };
		B2645EB01EE4BD9F0074FCD0 /* IssueDetailsView.swift */ = {isa = PBXFileReference; fileEncoding = 4; lastKnownFileType = sourcecode.swift; path = IssueDetailsView.swift; sourceTree = "<group>"; };
		B2645EB21EE4C0410074FCD0 /* IssueDetailsPresenter.swift */ = {isa = PBXFileReference; fileEncoding = 4; lastKnownFileType = sourcecode.swift; path = IssueDetailsPresenter.swift; sourceTree = "<group>"; };
		B2645EB51EE4CD500074FCD0 /* IssueDetailsAnimator.swift */ = {isa = PBXFileReference; fileEncoding = 4; lastKnownFileType = sourcecode.swift; name = IssueDetailsAnimator.swift; path = Animators/IssueDetailsAnimator.swift; sourceTree = "<group>"; };
		B264932E1E81F51D00878824 /* UIButtonExtensions.swift */ = {isa = PBXFileReference; fileEncoding = 4; lastKnownFileType = sourcecode.swift; path = UIButtonExtensions.swift; sourceTree = "<group>"; };
		B26493361E832E8000878824 /* Saturdays.entitlements */ = {isa = PBXFileReference; lastKnownFileType = text.plist.entitlements; path = Saturdays.entitlements; sourceTree = "<group>"; };
		B27191C91EF5F62D002C402D /* GoogleService-Info.plist */ = {isa = PBXFileReference; fileEncoding = 4; lastKnownFileType = text.plist.xml; path = "GoogleService-Info.plist"; sourceTree = "<group>"; };
		B27191CB1EF5F63E002C402D /* APICredentials.plist */ = {isa = PBXFileReference; lastKnownFileType = text.plist.xml; path = APICredentials.plist; sourceTree = "<group>"; };
		B279C1DA1EFB2C4900E72D5A /* CredentialsHelper.swift */ = {isa = PBXFileReference; lastKnownFileType = sourcecode.swift; path = CredentialsHelper.swift; sourceTree = "<group>"; };
		B279C1DC1EFB305A00E72D5A /* DataRetrivalError.swift */ = {isa = PBXFileReference; lastKnownFileType = sourcecode.swift; name = DataRetrivalError.swift; path = Enums/DataRetrivalError.swift; sourceTree = "<group>"; };
		B279C1DE1EFB311700E72D5A /* DataRetrivalArrayResult.swift */ = {isa = PBXFileReference; lastKnownFileType = sourcecode.swift; name = DataRetrivalArrayResult.swift; path = Enums/DataRetrivalArrayResult.swift; sourceTree = "<group>"; };
		B279C1E21EFB4AD100E72D5A /* ServiceEndpoint.swift */ = {isa = PBXFileReference; lastKnownFileType = sourcecode.swift; name = ServiceEndpoint.swift; path = Enums/ServiceEndpoint.swift; sourceTree = "<group>"; };
		B28979F51EE36FC6005834E3 /* ImageDownloadingService.swift */ = {isa = PBXFileReference; fileEncoding = 4; lastKnownFileType = sourcecode.swift; path = ImageDownloadingService.swift; sourceTree = "<group>"; };
		B29165341E526B390045BA4F /* UITableViewExtensions.swift */ = {isa = PBXFileReference; fileEncoding = 4; lastKnownFileType = sourcecode.swift; path = UITableViewExtensions.swift; sourceTree = "<group>"; };
		B2CD11EE1EF2DA6D00518C0E /* IssueDetailsPostCell.swift */ = {isa = PBXFileReference; lastKnownFileType = sourcecode.swift; path = IssueDetailsPostCell.swift; sourceTree = "<group>"; };
		B2CD11F01EF2DA7F00518C0E /* IssueDetailsPostsDataSource.swift */ = {isa = PBXFileReference; lastKnownFileType = sourcecode.swift; path = IssueDetailsPostsDataSource.swift; sourceTree = "<group>"; };
		B2DCFED21EF088F4008B64C4 /* IssueDetailsTracksDataSource.swift */ = {isa = PBXFileReference; lastKnownFileType = sourcecode.swift; path = IssueDetailsTracksDataSource.swift; sourceTree = "<group>"; };
		B2DCFEDA1EF0A69D008B64C4 /* IssueDetailsTitleCell.swift */ = {isa = PBXFileReference; lastKnownFileType = sourcecode.swift; path = IssueDetailsTitleCell.swift; sourceTree = "<group>"; };
		B2DCFEDC1EF0AA1A008B64C4 /* IssueDetailsDataSource.swift */ = {isa = PBXFileReference; lastKnownFileType = sourcecode.swift; path = IssueDetailsDataSource.swift; sourceTree = "<group>"; };
		B2DCFEE21EF0B53F008B64C4 /* IssueDetailsImageCell.swift */ = {isa = PBXFileReference; lastKnownFileType = sourcecode.swift; path = IssueDetailsImageCell.swift; sourceTree = "<group>"; };
		B2DCFEE41EF0BF12008B64C4 /* IssueDetailsTitleDataSource.swift */ = {isa = PBXFileReference; lastKnownFileType = sourcecode.swift; path = IssueDetailsTitleDataSource.swift; sourceTree = "<group>"; };
		B2DEC22F1E68EEC100FFFD7D /* TableHeaderView.swift */ = {isa = PBXFileReference; fileEncoding = 4; lastKnownFileType = sourcecode.swift; name = TableHeaderView.swift; path = Views/TableHeaderView.swift; sourceTree = "<group>"; };
		B2DEC2321E68EFE500FFFD7D /* IssueItemType.swift */ = {isa = PBXFileReference; fileEncoding = 4; lastKnownFileType = sourcecode.swift; name = IssueItemType.swift; path = Enums/IssueItemType.swift; sourceTree = "<group>"; };
		B2DEC2361E68F20400FFFD7D /* ExternallyOpenable.swift */ = {isa = PBXFileReference; fileEncoding = 4; lastKnownFileType = sourcecode.swift; path = ExternallyOpenable.swift; sourceTree = "<group>"; };
		B2FD04A81EF1C26A004ED046 /* IssueDetailsImageDataSource.swift */ = {isa = PBXFileReference; lastKnownFileType = sourcecode.swift; path = IssueDetailsImageDataSource.swift; sourceTree = "<group>"; };
		B2FD04AC1EF1F568004ED046 /* IssueDetailsVenuesDataSource.swift */ = {isa = PBXFileReference; lastKnownFileType = sourcecode.swift; path = IssueDetailsVenuesDataSource.swift; sourceTree = "<group>"; };
		B2FD04AF1EF1F6EB004ED046 /* IssueDetailsTitleSubtitleArtworkCell.swift */ = {isa = PBXFileReference; lastKnownFileType = sourcecode.swift; path = IssueDetailsTitleSubtitleArtworkCell.swift; sourceTree = "<group>"; };
		B2FD04B31EF1FA3B004ED046 /* UILabelDescriptor.swift */ = {isa = PBXFileReference; lastKnownFileType = sourcecode.swift; name = UILabelDescriptor.swift; path = Helpers/UILabelDescriptor.swift; sourceTree = "<group>"; };
		B2FD04B51EF1FD81004ED046 /* UIDefines.swift */ = {isa = PBXFileReference; lastKnownFileType = sourcecode.swift; name = UIDefines.swift; path = Helpers/UIDefines.swift; sourceTree = "<group>"; };
		CEA9740A43EA50B9EBE2CB27 /* Pods-Saturdays.debug.xcconfig */ = {isa = PBXFileReference; includeInIndex = 1; lastKnownFileType = text.xcconfig; name = "Pods-Saturdays.debug.xcconfig"; path = "Pods/Target Support Files/Pods-Saturdays/Pods-Saturdays.debug.xcconfig"; sourceTree = "<group>"; };
/* End PBXFileReference section */

/* Begin PBXFrameworksBuildPhase section */
		B2356F411EF4A08400AF59D0 /* Frameworks */ = {
			isa = PBXFrameworksBuildPhase;
			buildActionMask = 2147483647;
			files = (
			);
			runOnlyForDeploymentPostprocessing = 0;
		};
		B2356F511EF4A28400AF59D0 /* Frameworks */ = {
			isa = PBXFrameworksBuildPhase;
			buildActionMask = 2147483647;
			files = (
				B2356F581EF4A28400AF59D0 /* UserNotificationsUI.framework in Frameworks */,
				B2356F561EF4A28400AF59D0 /* UserNotifications.framework in Frameworks */,
			);
			runOnlyForDeploymentPostprocessing = 0;
		};
		B24826421E4F8DA50070628D /* Frameworks */ = {
			isa = PBXFrameworksBuildPhase;
			buildActionMask = 2147483647;
			files = (
				0A8F0197FB7C5A43409AAFD7 /* Pods_Saturdays.framework in Frameworks */,
			);
			runOnlyForDeploymentPostprocessing = 0;
		};
/* End PBXFrameworksBuildPhase section */

/* Begin PBXGroup section */
		4B3E7B4354EAFF99EA5AA38A /* Frameworks */ = {
			isa = PBXGroup;
			children = (
				238E30299D6622745C3493F4 /* Pods_Saturdays.framework */,
				B2356F551EF4A28400AF59D0 /* UserNotifications.framework */,
				B2356F571EF4A28400AF59D0 /* UserNotificationsUI.framework */,
			);
			name = Frameworks;
			sourceTree = "<group>";
		};
		8E10D16DCD698039AFE6A007 /* Pods */ = {
			isa = PBXGroup;
			children = (
				CEA9740A43EA50B9EBE2CB27 /* Pods-Saturdays.debug.xcconfig */,
				5B72490E8F48CB8DD85CFFDE /* Pods-Saturdays.release.xcconfig */,
			);
			name = Pods;
			sourceTree = "<group>";
		};
		B20A8F4F1EEF4B46003E4DA7 /* ViewModels */ = {
			isa = PBXGroup;
			children = (
				B212B44D1EE20A9B001DD091 /* IssueViewModel.swift */,
				B20A8F521EEF4B5F003E4DA7 /* PostViewModel.swift */,
				B20A8F501EEF4B57003E4DA7 /* TrackViewModel.swift */,
				B20A8F541EEF4B73003E4DA7 /* VenueViewModel.swift */,
			);
			path = ViewModels;
			sourceTree = "<group>";
		};
		B212B4511EE2130F001DD091 /* Helpers */ = {
			isa = PBXGroup;
			children = (
				B224B7661EF598F2004575E5 /* Defines */,
				B212B4521EE21329001DD091 /* UIHelper.swift */,
				B2FD04B31EF1FA3B004ED046 /* UILabelDescriptor.swift */,
				B279C1DA1EFB2C4900E72D5A /* CredentialsHelper.swift */,
			);
			name = Helpers;
			sourceTree = "<group>";
		};
		B224B7661EF598F2004575E5 /* Defines */ = {
			isa = PBXGroup;
			children = (
				B20A8F4A1EEF402C003E4DA7 /* ImageDefines.swift */,
				B2FD04B51EF1FD81004ED046 /* UIDefines.swift */,
			);
			name = Defines;
			sourceTree = "<group>";
		};
		B2356F451EF4A08400AF59D0 /* SaturdaysNotificationService */ = {
			isa = PBXGroup;
			children = (
				B2356F461EF4A08400AF59D0 /* NotificationService.swift */,
				B2356F481EF4A08400AF59D0 /* Info.plist */,
			);
			path = SaturdaysNotificationService;
			sourceTree = "<group>";
		};
		B2356F591EF4A28400AF59D0 /* SaturdaysNotificationContent */ = {
			isa = PBXGroup;
			children = (
				B2356F5A1EF4A28400AF59D0 /* NotificationViewController.swift */,
				B2356F5C1EF4A28400AF59D0 /* MainInterface.storyboard */,
				B2356F5F1EF4A28400AF59D0 /* Info.plist */,
			);
			path = SaturdaysNotificationContent;
			sourceTree = "<group>";
		};
		B248263C1E4F8DA50070628D = {
			isa = PBXGroup;
			children = (
				B24826471E4F8DA50070628D /* Saturdays */,
				B2356F451EF4A08400AF59D0 /* SaturdaysNotificationService */,
				B2356F591EF4A28400AF59D0 /* SaturdaysNotificationContent */,
				B24826461E4F8DA50070628D /* Products */,
				8E10D16DCD698039AFE6A007 /* Pods */,
				4B3E7B4354EAFF99EA5AA38A /* Frameworks */,
			);
			sourceTree = "<group>";
		};
		B24826461E4F8DA50070628D /* Products */ = {
			isa = PBXGroup;
			children = (
				B24826451E4F8DA50070628D /* Saturdays.app */,
				B2356F441EF4A08400AF59D0 /* SaturdaysNotificationService.appex */,
				B2356F541EF4A28400AF59D0 /* SaturdaysNotificationContent.appex */,
			);
			name = Products;
			sourceTree = "<group>";
		};
		B24826471E4F8DA50070628D /* Saturdays */ = {
			isa = PBXGroup;
			children = (
				B26493361E832E8000878824 /* Saturdays.entitlements */,
				B248265D1E4F8E250070628D /* Common */,
				B248265E1E4F8E3C0070628D /* Screens */,
				B248265B1E4F8E030070628D /* Supporting Files */,
			);
			path = Saturdays;
			sourceTree = "<group>";
		};
		B248265A1E4F8DFD0070628D /* Services */ = {
			isa = PBXGroup;
			children = (
				B24826671E4F90E90070628D /* IssueService.swift */,
				B212B4451EE1E74C001DD091 /* NotificationService.swift */,
				B212B4471EE1EA02001DD091 /* RoutingService.swift */,
				B28979F51EE36FC6005834E3 /* ImageDownloadingService.swift */,
			);
			path = Services;
			sourceTree = "<group>";
		};
		B248265B1E4F8E030070628D /* Supporting Files */ = {
			isa = PBXGroup;
			children = (
				B27191C91EF5F62D002C402D /* GoogleService-Info.plist */,
				B24826511E4F8DA50070628D /* LaunchScreen.storyboard */,
				B24826541E4F8DA50070628D /* Info.plist */,
				B27191CB1EF5F63E002C402D /* APICredentials.plist */,
			);
			path = "Supporting Files";
			sourceTree = "<group>";
		};
		B248265D1E4F8E250070628D /* Common */ = {
			isa = PBXGroup;
			children = (
				B2645EB41EE4CD060074FCD0 /* Animators */,
				B24826481E4F8DA50070628D /* AppDelegate.swift */,
				B248264F1E4F8DA50070628D /* Assets.xcassets */,
				B2DEC2311E68EFCC00FFFD7D /* Enums */,
				B24826741E4F98960070628D /* Extensions */,
				B212B4511EE2130F001DD091 /* Helpers */,
				B24826691E4F91720070628D /* Models */,
				B291651A1E5081280045BA4F /* Protocols */,
				B248265A1E4F8DFD0070628D /* Services */,
				B20A8F4F1EEF4B46003E4DA7 /* ViewModels */,
				B2DEC2281E68E8CE00FFFD7D /* Views */,
				B232CEAA1EF5FD080097928B /* demo.json */,
			);
			path = Common;
			sourceTree = "<group>";
		};
		B248265E1E4F8E3C0070628D /* Screens */ = {
			isa = PBXGroup;
			children = (
				B2B3B5681E5077900048218C /* IssueDetails */,
				B24826771E4F9D150070628D /* IssueList */,
			);
			path = Screens;
			sourceTree = "<group>";
		};
		B24826691E4F91720070628D /* Models */ = {
			isa = PBXGroup;
			children = (
				B248266A1E4F91B70070628D /* Issue.swift */,
				B248266B1E4F91B70070628D /* Photo.swift */,
				B248266C1E4F91B70070628D /* Post.swift */,
				B248266D1E4F91B70070628D /* Track.swift */,
				B248266E1E4F91B70070628D /* Venue.swift */,
				B21BC8461EE9FB3700106042 /* CoverPhoto.swift */,
			);
			path = Models;
			sourceTree = "<group>";
		};
		B24826741E4F98960070628D /* Extensions */ = {
			isa = PBXGroup;
			children = (
				B24826751E4F98AE0070628D /* DateExtensions.swift */,
				B248267E1E4F9DC20070628D /* NSObjectExtensions.swift */,
				B248267C1E4F9DA70070628D /* UICollectionViewExtensions.swift */,
				B29165341E526B390045BA4F /* UITableViewExtensions.swift */,
				B264932E1E81F51D00878824 /* UIButtonExtensions.swift */,
				B20A8F481EEF3133003E4DA7 /* CGRectExtensions.swift */,
			);
			path = Extensions;
			sourceTree = "<group>";
		};
		B24826771E4F9D150070628D /* IssueList */ = {
			isa = PBXGroup;
			children = (
				B212B4541EE2230B001DD091 /* IssueListCell.swift */,
				B212B4491EE20A85001DD091 /* IssueListPresenter.swift */,
				B212B44B1EE20A8F001DD091 /* IssueListView.swift */,
				B212B4561EE223AC001DD091 /* IssueListViewDataSource.swift */,
			);
			path = IssueList;
			sourceTree = "<group>";
		};
		B2645EB41EE4CD060074FCD0 /* Animators */ = {
			isa = PBXGroup;
			children = (
				B2645EB51EE4CD500074FCD0 /* IssueDetailsAnimator.swift */,
			);
			name = Animators;
			sourceTree = "<group>";
		};
		B291651A1E5081280045BA4F /* Protocols */ = {
			isa = PBXGroup;
			children = (
				B2DEC2361E68F20400FFFD7D /* ExternallyOpenable.swift */,
				B23940751E6AFB8000E07AF2 /* ImageDownloadableModel.swift */,
				B212B4581EE2CF71001DD091 /* ViewModelProtocol.swift */,
			);
			path = Protocols;
			sourceTree = "<group>";
		};
		B2B3B5681E5077900048218C /* IssueDetails */ = {
			isa = PBXGroup;
			children = (
				B2DCFEDE1EF0AA92008B64C4 /* Main */,
				B2DCFED41EF0A603008B64C4 /* Sections */,
			);
			path = IssueDetails;
			sourceTree = "<group>";
		};
		B2DCFED41EF0A603008B64C4 /* Sections */ = {
			isa = PBXGroup;
			children = (
				B2FD04AE1EF1F6B5004ED046 /* Common */,
				B2DCFED51EF0A609008B64C4 /* Header */,
				B2DCFED61EF0A60D008B64C4 /* Image */,
				B2DCFED91EF0A624008B64C4 /* Posts */,
				B2DCFED71EF0A61B008B64C4 /* Tracks */,
				B2DCFED81EF0A620008B64C4 /* Venues */,
			);
			path = Sections;
			sourceTree = "<group>";
		};
		B2DCFED51EF0A609008B64C4 /* Header */ = {
			isa = PBXGroup;
			children = (
				B2DCFEDA1EF0A69D008B64C4 /* IssueDetailsTitleCell.swift */,
				B2DCFEE41EF0BF12008B64C4 /* IssueDetailsTitleDataSource.swift */,
			);
			path = Header;
			sourceTree = "<group>";
		};
		B2DCFED61EF0A60D008B64C4 /* Image */ = {
			isa = PBXGroup;
			children = (
				B2DCFEE21EF0B53F008B64C4 /* IssueDetailsImageCell.swift */,
				B2FD04A81EF1C26A004ED046 /* IssueDetailsImageDataSource.swift */,
			);
			path = Image;
			sourceTree = "<group>";
		};
		B2DCFED71EF0A61B008B64C4 /* Tracks */ = {
			isa = PBXGroup;
			children = (
				B2DCFED21EF088F4008B64C4 /* IssueDetailsTracksDataSource.swift */,
			);
			path = Tracks;
			sourceTree = "<group>";
		};
		B2DCFED81EF0A620008B64C4 /* Venues */ = {
			isa = PBXGroup;
			children = (
				B2FD04AC1EF1F568004ED046 /* IssueDetailsVenuesDataSource.swift */,
			);
			path = Venues;
			sourceTree = "<group>";
		};
		B2DCFED91EF0A624008B64C4 /* Posts */ = {
			isa = PBXGroup;
			children = (
				B2CD11EE1EF2DA6D00518C0E /* IssueDetailsPostCell.swift */,
				B2CD11F01EF2DA7F00518C0E /* IssueDetailsPostsDataSource.swift */,
			);
			path = Posts;
			sourceTree = "<group>";
		};
		B2DCFEDE1EF0AA92008B64C4 /* Main */ = {
			isa = PBXGroup;
			children = (
				B2645EB01EE4BD9F0074FCD0 /* IssueDetailsView.swift */,
				B2645EB21EE4C0410074FCD0 /* IssueDetailsPresenter.swift */,
				B2DCFEDC1EF0AA1A008B64C4 /* IssueDetailsDataSource.swift */,
				B224B79D1EF5A4BB004575E5 /* IssueDetailsOpeningConfiguration.swift */,
			);
			path = Main;
			sourceTree = "<group>";
		};
		B2DEC2281E68E8CE00FFFD7D /* Views */ = {
			isa = PBXGroup;
			children = (
				B2DEC22F1E68EEC100FFFD7D /* TableHeaderView.swift */,
			);
			name = Views;
			sourceTree = "<group>";
		};
		B2DEC2311E68EFCC00FFFD7D /* Enums */ = {
			isa = PBXGroup;
			children = (
				B2DEC2321E68EFE500FFFD7D /* IssueItemType.swift */,
				B224B75E1EF57D01004575E5 /* NotificationAction.swift */,
				B279C1DC1EFB305A00E72D5A /* DataRetrivalError.swift */,
				B279C1DE1EFB311700E72D5A /* DataRetrivalArrayResult.swift */,
				B279C1E21EFB4AD100E72D5A /* ServiceEndpoint.swift */,
			);
			name = Enums;
			sourceTree = "<group>";
		};
		B2FD04AE1EF1F6B5004ED046 /* Common */ = {
			isa = PBXGroup;
			children = (
				B2FD04AF1EF1F6EB004ED046 /* IssueDetailsTitleSubtitleArtworkCell.swift */,
			);
			path = Common;
			sourceTree = "<group>";
		};
/* End PBXGroup section */

/* Begin PBXNativeTarget section */
		B2356F431EF4A08400AF59D0 /* SaturdaysNotificationService */ = {
			isa = PBXNativeTarget;
			buildConfigurationList = B2356F4E1EF4A08400AF59D0 /* Build configuration list for PBXNativeTarget "SaturdaysNotificationService" */;
			buildPhases = (
				B2356F401EF4A08400AF59D0 /* Sources */,
				B2356F411EF4A08400AF59D0 /* Frameworks */,
				B2356F421EF4A08400AF59D0 /* Resources */,
			);
			buildRules = (
			);
			dependencies = (
			);
			name = SaturdaysNotificationService;
			productName = SaturdaysNotificationService;
			productReference = B2356F441EF4A08400AF59D0 /* SaturdaysNotificationService.appex */;
			productType = "com.apple.product-type.app-extension";
		};
		B2356F531EF4A28400AF59D0 /* SaturdaysNotificationContent */ = {
			isa = PBXNativeTarget;
			buildConfigurationList = B2356F631EF4A28400AF59D0 /* Build configuration list for PBXNativeTarget "SaturdaysNotificationContent" */;
			buildPhases = (
				B2356F501EF4A28400AF59D0 /* Sources */,
				B2356F511EF4A28400AF59D0 /* Frameworks */,
				B2356F521EF4A28400AF59D0 /* Resources */,
			);
			buildRules = (
			);
			dependencies = (
			);
			name = SaturdaysNotificationContent;
			productName = SaturdaysNotificationContent;
			productReference = B2356F541EF4A28400AF59D0 /* SaturdaysNotificationContent.appex */;
			productType = "com.apple.product-type.app-extension";
		};
		B24826441E4F8DA50070628D /* Saturdays */ = {
			isa = PBXNativeTarget;
			buildConfigurationList = B24826571E4F8DA50070628D /* Build configuration list for PBXNativeTarget "Saturdays" */;
			buildPhases = (
				42C03D1628FA0196B205E1C1 /* [CP] Check Pods Manifest.lock */,
				B24826411E4F8DA50070628D /* Sources */,
				B24826421E4F8DA50070628D /* Frameworks */,
				B24826431E4F8DA50070628D /* Resources */,
				1592D0BD42E4124446F69357 /* [CP] Embed Pods Frameworks */,
				1D1241FDA195898B0B61676C /* [CP] Copy Pods Resources */,
				B2F0767F1E679A7300EDFF32 /* Embed Frameworks */,
				B2356F4F1EF4A08400AF59D0 /* Embed App Extensions */,
			);
			buildRules = (
			);
			dependencies = (
				B2356F4A1EF4A08400AF59D0 /* PBXTargetDependency */,
				B2356F611EF4A28400AF59D0 /* PBXTargetDependency */,
			);
			name = Saturdays;
			productName = Saturdays;
			productReference = B24826451E4F8DA50070628D /* Saturdays.app */;
			productType = "com.apple.product-type.application";
		};
/* End PBXNativeTarget section */

/* Begin PBXProject section */
		B248263D1E4F8DA50070628D /* Project object */ = {
			isa = PBXProject;
			attributes = {
				LastSwiftUpdateCheck = 0900;
				LastUpgradeCheck = 0820;
				ORGANIZATIONNAME = "Said Ozcan";
				TargetAttributes = {
					B2356F431EF4A08400AF59D0 = {
						CreatedOnToolsVersion = 9.0;
						DevelopmentTeam = Z2EVZ5Y6JY;
					};
					B2356F531EF4A28400AF59D0 = {
						CreatedOnToolsVersion = 9.0;
						DevelopmentTeam = Z2EVZ5Y6JY;
					};
					B24826441E4F8DA50070628D = {
						CreatedOnToolsVersion = 8.2.1;
						DevelopmentTeam = Z2EVZ5Y6JY;
						ProvisioningStyle = Automatic;
						SystemCapabilities = {
							com.apple.Push = {
								enabled = 1;
							};
						};
					};
				};
			};
			buildConfigurationList = B24826401E4F8DA50070628D /* Build configuration list for PBXProject "Saturdays" */;
			compatibilityVersion = "Xcode 3.2";
			developmentRegion = English;
			hasScannedForEncodings = 0;
			knownRegions = (
				en,
				Base,
			);
			mainGroup = B248263C1E4F8DA50070628D;
			productRefGroup = B24826461E4F8DA50070628D /* Products */;
			projectDirPath = "";
			projectRoot = "";
			targets = (
				B24826441E4F8DA50070628D /* Saturdays */,
				B2356F431EF4A08400AF59D0 /* SaturdaysNotificationService */,
				B2356F531EF4A28400AF59D0 /* SaturdaysNotificationContent */,
			);
		};
/* End PBXProject section */

/* Begin PBXResourcesBuildPhase section */
		B2356F421EF4A08400AF59D0 /* Resources */ = {
			isa = PBXResourcesBuildPhase;
			buildActionMask = 2147483647;
			files = (
			);
			runOnlyForDeploymentPostprocessing = 0;
		};
		B2356F521EF4A28400AF59D0 /* Resources */ = {
			isa = PBXResourcesBuildPhase;
			buildActionMask = 2147483647;
			files = (
				B2356F5E1EF4A28400AF59D0 /* MainInterface.storyboard in Resources */,
			);
			runOnlyForDeploymentPostprocessing = 0;
		};
		B24826431E4F8DA50070628D /* Resources */ = {
			isa = PBXResourcesBuildPhase;
			buildActionMask = 2147483647;
			files = (
				B24826531E4F8DA50070628D /* LaunchScreen.storyboard in Resources */,
				B27191CA1EF5F62D002C402D /* GoogleService-Info.plist in Resources */,
				B24826501E4F8DA50070628D /* Assets.xcassets in Resources */,
				B232CEAB1EF5FD080097928B /* demo.json in Resources */,
				B27191CC1EF5F63E002C402D /* APICredentials.plist in Resources */,
			);
			runOnlyForDeploymentPostprocessing = 0;
		};
/* End PBXResourcesBuildPhase section */

/* Begin PBXShellScriptBuildPhase section */
		1592D0BD42E4124446F69357 /* [CP] Embed Pods Frameworks */ = {
			isa = PBXShellScriptBuildPhase;
			buildActionMask = 2147483647;
			files = (
			);
			inputPaths = (
			);
			name = "[CP] Embed Pods Frameworks";
			outputPaths = (
			);
			runOnlyForDeploymentPostprocessing = 0;
			shellPath = /bin/sh;
			shellScript = "\"${SRCROOT}/Pods/Target Support Files/Pods-Saturdays/Pods-Saturdays-frameworks.sh\"\n";
			showEnvVarsInLog = 0;
		};
		1D1241FDA195898B0B61676C /* [CP] Copy Pods Resources */ = {
			isa = PBXShellScriptBuildPhase;
			buildActionMask = 2147483647;
			files = (
			);
			inputPaths = (
			);
			name = "[CP] Copy Pods Resources";
			outputPaths = (
			);
			runOnlyForDeploymentPostprocessing = 0;
			shellPath = /bin/sh;
			shellScript = "\"${SRCROOT}/Pods/Target Support Files/Pods-Saturdays/Pods-Saturdays-resources.sh\"\n";
			showEnvVarsInLog = 0;
		};
		42C03D1628FA0196B205E1C1 /* [CP] Check Pods Manifest.lock */ = {
			isa = PBXShellScriptBuildPhase;
			buildActionMask = 2147483647;
			files = (
			);
			inputPaths = (
			);
			name = "[CP] Check Pods Manifest.lock";
			outputPaths = (
			);
			runOnlyForDeploymentPostprocessing = 0;
			shellPath = /bin/sh;
			shellScript = "diff \"${PODS_ROOT}/../Podfile.lock\" \"${PODS_ROOT}/Manifest.lock\" > /dev/null\nif [ $? != 0 ] ; then\n    # print error to STDERR\n    echo \"error: The sandbox is not in sync with the Podfile.lock. Run 'pod install' or update your CocoaPods installation.\" >&2\n    exit 1\nfi\n";
			showEnvVarsInLog = 0;
		};
/* End PBXShellScriptBuildPhase section */

/* Begin PBXSourcesBuildPhase section */
		B2356F401EF4A08400AF59D0 /* Sources */ = {
			isa = PBXSourcesBuildPhase;
			buildActionMask = 2147483647;
			files = (
				B2356F471EF4A08400AF59D0 /* NotificationService.swift in Sources */,
			);
			runOnlyForDeploymentPostprocessing = 0;
		};
		B2356F501EF4A28400AF59D0 /* Sources */ = {
			isa = PBXSourcesBuildPhase;
			buildActionMask = 2147483647;
			files = (
				B2356F5B1EF4A28400AF59D0 /* NotificationViewController.swift in Sources */,
			);
			runOnlyForDeploymentPostprocessing = 0;
		};
		B24826411E4F8DA50070628D /* Sources */ = {
			isa = PBXSourcesBuildPhase;
			buildActionMask = 2147483647;
			files = (
				B2FD04B41EF1FA3B004ED046 /* UILabelDescriptor.swift in Sources */,
				B212B4571EE223AC001DD091 /* IssueListViewDataSource.swift in Sources */,
				B212B4481EE1EA02001DD091 /* RoutingService.swift in Sources */,
				B212B44E1EE20A9B001DD091 /* IssueViewModel.swift in Sources */,
				B2DEC2331E68EFE500FFFD7D /* IssueItemType.swift in Sources */,
				B2DCFED31EF088F4008B64C4 /* IssueDetailsTracksDataSource.swift in Sources */,
				B2DEC2301E68EEC100FFFD7D /* TableHeaderView.swift in Sources */,
				B28979F61EE36FC6005834E3 /* ImageDownloadingService.swift in Sources */,
				B224B75F1EF57D01004575E5 /* NotificationAction.swift in Sources */,
				B23940761E6AFB8000E07AF2 /* ImageDownloadableModel.swift in Sources */,
				B248267D1E4F9DA70070628D /* UICollectionViewExtensions.swift in Sources */,
				B29165351E526B390045BA4F /* UITableViewExtensions.swift in Sources */,
				B24826731E4F91B70070628D /* Venue.swift in Sources */,
				B24826491E4F8DA50070628D /* AppDelegate.swift in Sources */,
				B212B4461EE1E74C001DD091 /* NotificationService.swift in Sources */,
				B24826681E4F90E90070628D /* IssueService.swift in Sources */,
				B212B44A1EE20A85001DD091 /* IssueListPresenter.swift in Sources */,
				B20A8F531EEF4B5F003E4DA7 /* PostViewModel.swift in Sources */,
				B2DCFEDD1EF0AA1A008B64C4 /* IssueDetailsDataSource.swift in Sources */,
				B2FD04A91EF1C26A004ED046 /* IssueDetailsImageDataSource.swift in Sources */,
				B24826711E4F91B70070628D /* Post.swift in Sources */,
				B21BC8471EE9FB3700106042 /* CoverPhoto.swift in Sources */,
				B2645EB61EE4CD500074FCD0 /* IssueDetailsAnimator.swift in Sources */,
				B2FD04B61EF1FD81004ED046 /* UIDefines.swift in Sources */,
				B212B4551EE2230B001DD091 /* IssueListCell.swift in Sources */,
				B24826761E4F98AE0070628D /* DateExtensions.swift in Sources */,
				B2DCFEDB1EF0A69D008B64C4 /* IssueDetailsTitleCell.swift in Sources */,
				B2CD11EF1EF2DA6D00518C0E /* IssueDetailsPostCell.swift in Sources */,
				B212B4591EE2CF71001DD091 /* ViewModelProtocol.swift in Sources */,
				B2DEC2371E68F20400FFFD7D /* ExternallyOpenable.swift in Sources */,
				B20A8F511EEF4B57003E4DA7 /* TrackViewModel.swift in Sources */,
				B2FD04AD1EF1F568004ED046 /* IssueDetailsVenuesDataSource.swift in Sources */,
				B248266F1E4F91B70070628D /* Issue.swift in Sources */,
				B212B44C1EE20A8F001DD091 /* IssueListView.swift in Sources */,
				B24826701E4F91B70070628D /* Photo.swift in Sources */,
				B24826721E4F91B70070628D /* Track.swift in Sources */,
				B20A8F491EEF3133003E4DA7 /* CGRectExtensions.swift in Sources */,
				B224B79E1EF5A4BB004575E5 /* IssueDetailsOpeningConfiguration.swift in Sources */,
				B2645EB11EE4BD9F0074FCD0 /* IssueDetailsView.swift in Sources */,
				B2DCFEE51EF0BF12008B64C4 /* IssueDetailsTitleDataSource.swift in Sources */,
				B264932F1E81F51D00878824 /* UIButtonExtensions.swift in Sources */,
				B2645EB31EE4C0410074FCD0 /* IssueDetailsPresenter.swift in Sources */,
				B2CD11F11EF2DA7F00518C0E /* IssueDetailsPostsDataSource.swift in Sources */,
				B20A8F4B1EEF402C003E4DA7 /* ImageDefines.swift in Sources */,
				B248267F1E4F9DC20070628D /* NSObjectExtensions.swift in Sources */,
				B279C1E31EFB4AD100E72D5A /* ServiceEndpoint.swift in Sources */,
				B20A8F551EEF4B73003E4DA7 /* VenueViewModel.swift in Sources */,
				B212B4531EE21329001DD091 /* UIHelper.swift in Sources */,
				B2DCFEE31EF0B53F008B64C4 /* IssueDetailsImageCell.swift in Sources */,
				B2FD04B01EF1F6EB004ED046 /* IssueDetailsTitleSubtitleArtworkCell.swift in Sources */,
				B279C1DF1EFB311700E72D5A /* DataRetrivalArrayResult.swift in Sources */,
				B279C1DB1EFB2C4900E72D5A /* CredentialsHelper.swift in Sources */,
				B279C1DD1EFB305A00E72D5A /* DataRetrivalError.swift in Sources */,
			);
			runOnlyForDeploymentPostprocessing = 0;
		};
/* End PBXSourcesBuildPhase section */

/* Begin PBXTargetDependency section */
		B2356F4A1EF4A08400AF59D0 /* PBXTargetDependency */ = {
			isa = PBXTargetDependency;
			target = B2356F431EF4A08400AF59D0 /* SaturdaysNotificationService */;
			targetProxy = B2356F491EF4A08400AF59D0 /* PBXContainerItemProxy */;
		};
		B2356F611EF4A28400AF59D0 /* PBXTargetDependency */ = {
			isa = PBXTargetDependency;
			target = B2356F531EF4A28400AF59D0 /* SaturdaysNotificationContent */;
			targetProxy = B2356F601EF4A28400AF59D0 /* PBXContainerItemProxy */;
		};
/* End PBXTargetDependency section */

/* Begin PBXVariantGroup section */
		B2356F5C1EF4A28400AF59D0 /* MainInterface.storyboard */ = {
			isa = PBXVariantGroup;
			children = (
				B2356F5D1EF4A28400AF59D0 /* Base */,
			);
			name = MainInterface.storyboard;
			sourceTree = "<group>";
		};
		B24826511E4F8DA50070628D /* LaunchScreen.storyboard */ = {
			isa = PBXVariantGroup;
			children = (
				B24826521E4F8DA50070628D /* Base */,
			);
			name = LaunchScreen.storyboard;
			path = ..;
			sourceTree = "<group>";
		};
/* End PBXVariantGroup section */

/* Begin XCBuildConfiguration section */
		B2356F4C1EF4A08400AF59D0 /* Debug */ = {
			isa = XCBuildConfiguration;
			buildSettings = {
				CLANG_ANALYZER_NUMBER_OBJECT_CONVERSION = YES_AGGRESSIVE;
				CLANG_CXX_LANGUAGE_STANDARD = "gnu++14";
				CLANG_WARN_BLOCK_CAPTURE_AUTORELEASING = YES;
				CLANG_WARN_COMMA = YES;
				CLANG_WARN_RANGE_LOOP_ANALYSIS = YES;
				CLANG_WARN_STRICT_PROTOTYPES = YES;
				CLANG_WARN_UNGUARDED_AVAILABILITY = YES_AGGRESSIVE;
				CODE_SIGN_IDENTITY = "iPhone Developer";
				DEVELOPMENT_TEAM = Z2EVZ5Y6JY;
				GCC_C_LANGUAGE_STANDARD = gnu11;
				INFOPLIST_FILE = SaturdaysNotificationService/Info.plist;
				IPHONEOS_DEPLOYMENT_TARGET = 10.0;
				LD_RUNPATH_SEARCH_PATHS = "$(inherited) @executable_path/Frameworks @executable_path/../../Frameworks";
				PRODUCT_BUNDLE_IDENTIFIER = co.saidozcan.Saturdays.SaturdaysNotificationService;
				PRODUCT_NAME = "$(TARGET_NAME)";
				SKIP_INSTALL = YES;
				SWIFT_VERSION = 4.0;
				TARGETED_DEVICE_FAMILY = "1,2";
			};
			name = Debug;
		};
		B2356F4D1EF4A08400AF59D0 /* Release */ = {
			isa = XCBuildConfiguration;
			buildSettings = {
				CLANG_ANALYZER_NUMBER_OBJECT_CONVERSION = YES_AGGRESSIVE;
				CLANG_CXX_LANGUAGE_STANDARD = "gnu++14";
				CLANG_WARN_BLOCK_CAPTURE_AUTORELEASING = YES;
				CLANG_WARN_COMMA = YES;
				CLANG_WARN_RANGE_LOOP_ANALYSIS = YES;
				CLANG_WARN_STRICT_PROTOTYPES = YES;
				CLANG_WARN_UNGUARDED_AVAILABILITY = YES_AGGRESSIVE;
				CODE_SIGN_IDENTITY = "iPhone Developer";
				DEVELOPMENT_TEAM = Z2EVZ5Y6JY;
				GCC_C_LANGUAGE_STANDARD = gnu11;
				INFOPLIST_FILE = SaturdaysNotificationService/Info.plist;
				IPHONEOS_DEPLOYMENT_TARGET = 10.0;
				LD_RUNPATH_SEARCH_PATHS = "$(inherited) @executable_path/Frameworks @executable_path/../../Frameworks";
				PRODUCT_BUNDLE_IDENTIFIER = co.saidozcan.Saturdays.SaturdaysNotificationService;
				PRODUCT_NAME = "$(TARGET_NAME)";
				SKIP_INSTALL = YES;
				SWIFT_VERSION = 4.0;
				TARGETED_DEVICE_FAMILY = "1,2";
			};
			name = Release;
		};
		B2356F641EF4A28400AF59D0 /* Debug */ = {
			isa = XCBuildConfiguration;
			buildSettings = {
				CLANG_ANALYZER_NUMBER_OBJECT_CONVERSION = YES_AGGRESSIVE;
				CLANG_CXX_LANGUAGE_STANDARD = "gnu++14";
				CLANG_WARN_BLOCK_CAPTURE_AUTORELEASING = YES;
				CLANG_WARN_COMMA = YES;
				CLANG_WARN_RANGE_LOOP_ANALYSIS = YES;
				CLANG_WARN_STRICT_PROTOTYPES = YES;
				CLANG_WARN_UNGUARDED_AVAILABILITY = YES_AGGRESSIVE;
				CODE_SIGN_IDENTITY = "iPhone Developer";
				"CODE_SIGN_IDENTITY[sdk=iphoneos*]" = "iPhone Developer";
				DEVELOPMENT_TEAM = Z2EVZ5Y6JY;
				GCC_C_LANGUAGE_STANDARD = gnu11;
				INFOPLIST_FILE = SaturdaysNotificationContent/Info.plist;
				IPHONEOS_DEPLOYMENT_TARGET = 10.0;
				LD_RUNPATH_SEARCH_PATHS = "$(inherited) @executable_path/Frameworks @executable_path/../../Frameworks";
				PRODUCT_BUNDLE_IDENTIFIER = co.saidozcan.Saturdays.SaturdaysNotificationContent;
				PRODUCT_NAME = "$(TARGET_NAME)";
				SKIP_INSTALL = YES;
				SWIFT_VERSION = 4.0;
				TARGETED_DEVICE_FAMILY = "1,2";
			};
			name = Debug;
		};
		B2356F651EF4A28400AF59D0 /* Release */ = {
			isa = XCBuildConfiguration;
			buildSettings = {
				CLANG_ANALYZER_NUMBER_OBJECT_CONVERSION = YES_AGGRESSIVE;
				CLANG_CXX_LANGUAGE_STANDARD = "gnu++14";
				CLANG_WARN_BLOCK_CAPTURE_AUTORELEASING = YES;
				CLANG_WARN_COMMA = YES;
				CLANG_WARN_RANGE_LOOP_ANALYSIS = YES;
				CLANG_WARN_STRICT_PROTOTYPES = YES;
				CLANG_WARN_UNGUARDED_AVAILABILITY = YES_AGGRESSIVE;
				CODE_SIGN_IDENTITY = "iPhone Developer";
				"CODE_SIGN_IDENTITY[sdk=iphoneos*]" = "iPhone Developer";
				DEVELOPMENT_TEAM = Z2EVZ5Y6JY;
				GCC_C_LANGUAGE_STANDARD = gnu11;
				INFOPLIST_FILE = SaturdaysNotificationContent/Info.plist;
				IPHONEOS_DEPLOYMENT_TARGET = 10.0;
				LD_RUNPATH_SEARCH_PATHS = "$(inherited) @executable_path/Frameworks @executable_path/../../Frameworks";
				PRODUCT_BUNDLE_IDENTIFIER = co.saidozcan.Saturdays.SaturdaysNotificationContent;
				PRODUCT_NAME = "$(TARGET_NAME)";
				SKIP_INSTALL = YES;
				SWIFT_VERSION = 4.0;
				TARGETED_DEVICE_FAMILY = "1,2";
			};
			name = Release;
		};
		B24826551E4F8DA50070628D /* Debug */ = {
			isa = XCBuildConfiguration;
			buildSettings = {
				ALTERNATE_GROUP = "";
				ALWAYS_SEARCH_USER_PATHS = NO;
				CLANG_ANALYZER_NONNULL = YES;
				CLANG_CXX_LANGUAGE_STANDARD = "gnu++0x";
				CLANG_CXX_LIBRARY = "libc++";
				CLANG_ENABLE_MODULES = YES;
				CLANG_ENABLE_OBJC_ARC = YES;
				CLANG_WARN_BOOL_CONVERSION = YES;
				CLANG_WARN_CONSTANT_CONVERSION = YES;
				CLANG_WARN_DIRECT_OBJC_ISA_USAGE = YES_ERROR;
				CLANG_WARN_DOCUMENTATION_COMMENTS = YES;
				CLANG_WARN_EMPTY_BODY = YES;
				CLANG_WARN_ENUM_CONVERSION = YES;
				CLANG_WARN_INFINITE_RECURSION = YES;
				CLANG_WARN_INT_CONVERSION = YES;
				CLANG_WARN_OBJC_ROOT_CLASS = YES_ERROR;
				CLANG_WARN_SUSPICIOUS_MOVE = YES;
				CLANG_WARN_UNREACHABLE_CODE = YES;
				CLANG_WARN__DUPLICATE_METHOD_MATCH = YES;
				"CODE_SIGN_IDENTITY[sdk=iphoneos*]" = "iPhone Developer";
				COPY_PHASE_STRIP = NO;
				DEBUG_INFORMATION_FORMAT = dwarf;
				ENABLE_STRICT_OBJC_MSGSEND = YES;
				ENABLE_TESTABILITY = YES;
				GCC_C_LANGUAGE_STANDARD = gnu99;
				GCC_DYNAMIC_NO_PIC = NO;
				GCC_NO_COMMON_BLOCKS = YES;
				GCC_OPTIMIZATION_LEVEL = 0;
				GCC_PREPROCESSOR_DEFINITIONS = (
					"DEBUG=1",
					"$(inherited)",
				);
				GCC_WARN_64_TO_32_BIT_CONVERSION = YES;
				GCC_WARN_ABOUT_RETURN_TYPE = YES_ERROR;
				GCC_WARN_UNDECLARED_SELECTOR = YES;
				GCC_WARN_UNINITIALIZED_AUTOS = YES_AGGRESSIVE;
				GCC_WARN_UNUSED_FUNCTION = YES;
				GCC_WARN_UNUSED_VARIABLE = YES;
				INSTALL_GROUP = "";
				INSTALL_OWNER = "";
				IPHONEOS_DEPLOYMENT_TARGET = 10.2;
				MTL_ENABLE_DEBUG_INFO = YES;
				ONLY_ACTIVE_ARCH = YES;
				SDKROOT = iphoneos;
				SWIFT_ACTIVE_COMPILATION_CONDITIONS = DEBUG;
				SWIFT_OPTIMIZATION_LEVEL = "-Onone";
			};
			name = Debug;
		};
		B24826561E4F8DA50070628D /* Release */ = {
			isa = XCBuildConfiguration;
			buildSettings = {
				ALTERNATE_GROUP = "";
				ALWAYS_SEARCH_USER_PATHS = NO;
				CLANG_ANALYZER_NONNULL = YES;
				CLANG_CXX_LANGUAGE_STANDARD = "gnu++0x";
				CLANG_CXX_LIBRARY = "libc++";
				CLANG_ENABLE_MODULES = YES;
				CLANG_ENABLE_OBJC_ARC = YES;
				CLANG_WARN_BOOL_CONVERSION = YES;
				CLANG_WARN_CONSTANT_CONVERSION = YES;
				CLANG_WARN_DIRECT_OBJC_ISA_USAGE = YES_ERROR;
				CLANG_WARN_DOCUMENTATION_COMMENTS = YES;
				CLANG_WARN_EMPTY_BODY = YES;
				CLANG_WARN_ENUM_CONVERSION = YES;
				CLANG_WARN_INFINITE_RECURSION = YES;
				CLANG_WARN_INT_CONVERSION = YES;
				CLANG_WARN_OBJC_ROOT_CLASS = YES_ERROR;
				CLANG_WARN_SUSPICIOUS_MOVE = YES;
				CLANG_WARN_UNREACHABLE_CODE = YES;
				CLANG_WARN__DUPLICATE_METHOD_MATCH = YES;
				"CODE_SIGN_IDENTITY[sdk=iphoneos*]" = "iPhone Developer";
				COPY_PHASE_STRIP = NO;
				DEBUG_INFORMATION_FORMAT = "dwarf-with-dsym";
				ENABLE_NS_ASSERTIONS = NO;
				ENABLE_STRICT_OBJC_MSGSEND = YES;
				GCC_C_LANGUAGE_STANDARD = gnu99;
				GCC_NO_COMMON_BLOCKS = YES;
				GCC_WARN_64_TO_32_BIT_CONVERSION = YES;
				GCC_WARN_ABOUT_RETURN_TYPE = YES_ERROR;
				GCC_WARN_UNDECLARED_SELECTOR = YES;
				GCC_WARN_UNINITIALIZED_AUTOS = YES_AGGRESSIVE;
				GCC_WARN_UNUSED_FUNCTION = YES;
				GCC_WARN_UNUSED_VARIABLE = YES;
				INSTALL_GROUP = "";
				INSTALL_OWNER = "";
				IPHONEOS_DEPLOYMENT_TARGET = 10.2;
				MTL_ENABLE_DEBUG_INFO = NO;
				SDKROOT = iphoneos;
				SWIFT_OPTIMIZATION_LEVEL = "-Owholemodule";
				VALIDATE_PRODUCT = YES;
			};
			name = Release;
		};
		B24826581E4F8DA50070628D /* Debug */ = {
			isa = XCBuildConfiguration;
			baseConfigurationReference = CEA9740A43EA50B9EBE2CB27 /* Pods-Saturdays.debug.xcconfig */;
			buildSettings = {
				ALWAYS_EMBED_SWIFT_STANDARD_LIBRARIES = YES;
				ASSETCATALOG_COMPILER_APPICON_NAME = AppIcon;
				CODE_SIGN_ENTITLEMENTS = Saturdays/Saturdays.entitlements;
				CODE_SIGN_IDENTITY = "iPhone Developer";
				"CODE_SIGN_IDENTITY[sdk=iphoneos*]" = "iPhone Developer";
				DEVELOPMENT_TEAM = Z2EVZ5Y6JY;
				INFOPLIST_FILE = "$(SRCROOT)/Saturdays/Supporting Files/Info.plist";
				IPHONEOS_DEPLOYMENT_TARGET = 10.0;
				LD_RUNPATH_SEARCH_PATHS = "$(inherited) @executable_path/Frameworks";
				PRODUCT_BUNDLE_IDENTIFIER = co.saidozcan.Saturdays;
				PRODUCT_NAME = "$(TARGET_NAME)";
				SWIFT_VERSION = 3.0;
			};
			name = Debug;
		};
		B24826591E4F8DA50070628D /* Release */ = {
			isa = XCBuildConfiguration;
			baseConfigurationReference = 5B72490E8F48CB8DD85CFFDE /* Pods-Saturdays.release.xcconfig */;
			buildSettings = {
				ALWAYS_EMBED_SWIFT_STANDARD_LIBRARIES = YES;
				ASSETCATALOG_COMPILER_APPICON_NAME = AppIcon;
				CODE_SIGN_ENTITLEMENTS = Saturdays/Saturdays.entitlements;
				CODE_SIGN_IDENTITY = "iPhone Developer";
				"CODE_SIGN_IDENTITY[sdk=iphoneos*]" = "iPhone Developer";
				DEVELOPMENT_TEAM = Z2EVZ5Y6JY;
				INFOPLIST_FILE = "$(SRCROOT)/Saturdays/Supporting Files/Info.plist";
				IPHONEOS_DEPLOYMENT_TARGET = 10.0;
				LD_RUNPATH_SEARCH_PATHS = "$(inherited) @executable_path/Frameworks";
				PRODUCT_BUNDLE_IDENTIFIER = co.saidozcan.Saturdays;
				PRODUCT_NAME = "$(TARGET_NAME)";
				SWIFT_VERSION = 3.0;
			};
			name = Release;
		};
/* End XCBuildConfiguration section */

/* Begin XCConfigurationList section */
		B2356F4E1EF4A08400AF59D0 /* Build configuration list for PBXNativeTarget "SaturdaysNotificationService" */ = {
			isa = XCConfigurationList;
			buildConfigurations = (
				B2356F4C1EF4A08400AF59D0 /* Debug */,
				B2356F4D1EF4A08400AF59D0 /* Release */,
			);
			defaultConfigurationIsVisible = 0;
			defaultConfigurationName = Release;
		};
		B2356F631EF4A28400AF59D0 /* Build configuration list for PBXNativeTarget "SaturdaysNotificationContent" */ = {
			isa = XCConfigurationList;
			buildConfigurations = (
				B2356F641EF4A28400AF59D0 /* Debug */,
				B2356F651EF4A28400AF59D0 /* Release */,
			);
			defaultConfigurationIsVisible = 0;
			defaultConfigurationName = Release;
		};
		B24826401E4F8DA50070628D /* Build configuration list for PBXProject "Saturdays" */ = {
			isa = XCConfigurationList;
			buildConfigurations = (
				B24826551E4F8DA50070628D /* Debug */,
				B24826561E4F8DA50070628D /* Release */,
			);
			defaultConfigurationIsVisible = 0;
			defaultConfigurationName = Release;
		};
		B24826571E4F8DA50070628D /* Build configuration list for PBXNativeTarget "Saturdays" */ = {
			isa = XCConfigurationList;
			buildConfigurations = (
				B24826581E4F8DA50070628D /* Debug */,
				B24826591E4F8DA50070628D /* Release */,
			);
			defaultConfigurationIsVisible = 0;
			defaultConfigurationName = Release;
		};
/* End XCConfigurationList section */
	};
	rootObject = B248263D1E4F8DA50070628D /* Project object */;
}
